// !$*UTF8*$!
{
	archiveVersion = 1;
	classes = {
	};
	objectVersion = 77;
	objects = {

/* Begin PBXBuildFile section */
		02FBE5B39DCB4F6857E88518 /* EditorToolbar.swift in Sources */ = {isa = PBXBuildFile; fileRef = 278B5D81625AFC5C3AA59CC5 /* EditorToolbar.swift */; };
		1470552D5BEE7C4593BD7EDE /* editor.html in Resources */ = {isa = PBXBuildFile; fileRef = 0E64777A0E619A5DF8288349 /* editor.html */; };
		27D230B2756FEE4915F2EA15 /* OlaiCore in Frameworks */ = {isa = PBXBuildFile; productRef = 3DF7DDD6CB4ADD58C6D03734 /* OlaiCore */; };
		3649C9D2874EBC723419974C /* DraggedItem.swift in Sources */ = {isa = PBXBuildFile; fileRef = C2AE67FA1FA45839EE0FF71B /* DraggedItem.swift */; };
		407055C1FD60D25CE18C8C91 /* EditorWebView.swift in Sources */ = {isa = PBXBuildFile; fileRef = 8B19871D04521AAB0C9D5708 /* EditorWebView.swift */; };
		455F465DA9DDEB684153DE0F /* OlaiModelContainer.swift in Sources */ = {isa = PBXBuildFile; fileRef = CC45749CCA0B22FFD810C16B /* OlaiModelContainer.swift */; };
		507EA9CE2841AD5187B1AD07 /* OlaiApp.swift in Sources */ = {isa = PBXBuildFile; fileRef = 4F94C1D7CE0859841ACE0F22 /* OlaiApp.swift */; };
		5E2C2BAF949E3D4D54D5FFAA /* SidebarView.swift in Sources */ = {isa = PBXBuildFile; fileRef = 8FD069D6A33E2AF7FD31AB86 /* SidebarView.swift */; };
		5FF096350C03DC621FDE10FD /* NoteTree.swift in Sources */ = {isa = PBXBuildFile; fileRef = 6BD4C92D8D37BDAF3AA9B022 /* NoteTree.swift */; };
		7905D6513D08A17E73CE9D55 /* PageEditorView.swift in Sources */ = {isa = PBXBuildFile; fileRef = ADC9C75EE5A57412F76783F2 /* PageEditorView.swift */; };
		B341FEC01DE0B591B59A3C3B /* SidebarExpansion.swift in Sources */ = {isa = PBXBuildFile; fileRef = B8E2A25E0D44A18FB5420ACF /* SidebarExpansion.swift */; };
		B8CB4BF0E14536659A6E2B41 /* OlaiSchemeHandler.swift in Sources */ = {isa = PBXBuildFile; fileRef = 3A73FE08BD20F369CB78582E /* OlaiSchemeHandler.swift */; };
		BAD537635B707C7572E9D832 /* Assets.xcassets in Resources */ = {isa = PBXBuildFile; fileRef = 4BFF3A26C9354908CA874DA4 /* Assets.xcassets */; };
		CA4AE14565D9CEA3146F6C02 /* ScheduleTaskSheet.swift in Sources */ = {isa = PBXBuildFile; fileRef = 0EB2328F1634504C6F755257 /* ScheduleTaskSheet.swift */; };
		CA84B25DB86C8EB1DCCF85BE /* TaskScheduler.swift in Sources */ = {isa = PBXBuildFile; fileRef = 7BCA66FCBCBF59E9685F7CB8 /* TaskScheduler.swift */; };
		FAA409922064C7B1139A696D /* RootView.swift in Sources */ = {isa = PBXBuildFile; fileRef = 4359633DD856E081E1F34169 /* RootView.swift */; };
		FD11DE009BF226C42F3C4091 /* PasteboardImage.swift in Sources */ = {isa = PBXBuildFile; fileRef = 01CB9EBBC3BA55E366A61D76 /* PasteboardImage.swift */; };
		FDE522E9ACBD1C0906BF3FE1 /* EditorController.swift in Sources */ = {isa = PBXBuildFile; fileRef = 92E723D1F71911CD23D33C62 /* EditorController.swift */; };
/* End PBXBuildFile section */

/* Begin PBXFileReference section */
		01CB9EBBC3BA55E366A61D76 /* PasteboardImage.swift */ = {isa = PBXFileReference; lastKnownFileType = sourcecode.swift; path = PasteboardImage.swift; sourceTree = "<group>"; };
		0E64777A0E619A5DF8288349 /* editor.html */ = {isa = PBXFileReference; lastKnownFileType = text.html; path = editor.html; sourceTree = "<group>"; };
		0EB2328F1634504C6F755257 /* ScheduleTaskSheet.swift */ = {isa = PBXFileReference; lastKnownFileType = sourcecode.swift; path = ScheduleTaskSheet.swift; sourceTree = "<group>"; };
		1F72132FCF2501235935A088 /* Olai.app */ = {isa = PBXFileReference; includeInIndex = 0; lastKnownFileType = wrapper.application; path = Olai.app; sourceTree = BUILT_PRODUCTS_DIR; };
		278B5D81625AFC5C3AA59CC5 /* EditorToolbar.swift */ = {isa = PBXFileReference; lastKnownFileType = sourcecode.swift; path = EditorToolbar.swift; sourceTree = "<group>"; };
		3A73FE08BD20F369CB78582E /* OlaiSchemeHandler.swift */ = {isa = PBXFileReference; lastKnownFileType = sourcecode.swift; path = OlaiSchemeHandler.swift; sourceTree = "<group>"; };
		4359633DD856E081E1F34169 /* RootView.swift */ = {isa = PBXFileReference; lastKnownFileType = sourcecode.swift; path = RootView.swift; sourceTree = "<group>"; };
		4BFF3A26C9354908CA874DA4 /* Assets.xcassets */ = {isa = PBXFileReference; lastKnownFileType = folder.assetcatalog; path = Assets.xcassets; sourceTree = "<group>"; };
		4F94C1D7CE0859841ACE0F22 /* OlaiApp.swift */ = {isa = PBXFileReference; lastKnownFileType = sourcecode.swift; path = OlaiApp.swift; sourceTree = "<group>"; };
		6BD4C92D8D37BDAF3AA9B022 /* NoteTree.swift */ = {isa = PBXFileReference; lastKnownFileType = sourcecode.swift; path = NoteTree.swift; sourceTree = "<group>"; };
		7BCA66FCBCBF59E9685F7CB8 /* TaskScheduler.swift */ = {isa = PBXFileReference; lastKnownFileType = sourcecode.swift; path = TaskScheduler.swift; sourceTree = "<group>"; };
		8B19871D04521AAB0C9D5708 /* EditorWebView.swift */ = {isa = PBXFileReference; lastKnownFileType = sourcecode.swift; path = EditorWebView.swift; sourceTree = "<group>"; };
		8FD069D6A33E2AF7FD31AB86 /* SidebarView.swift */ = {isa = PBXFileReference; lastKnownFileType = sourcecode.swift; path = SidebarView.swift; sourceTree = "<group>"; };
		92E723D1F71911CD23D33C62 /* EditorController.swift */ = {isa = PBXFileReference; lastKnownFileType = sourcecode.swift; path = EditorController.swift; sourceTree = "<group>"; };
		ADC9C75EE5A57412F76783F2 /* PageEditorView.swift */ = {isa = PBXFileReference; lastKnownFileType = sourcecode.swift; path = PageEditorView.swift; sourceTree = "<group>"; };
		B8E2A25E0D44A18FB5420ACF /* SidebarExpansion.swift */ = {isa = PBXFileReference; lastKnownFileType = sourcecode.swift; path = SidebarExpansion.swift; sourceTree = "<group>"; };
		C2AE67FA1FA45839EE0FF71B /* DraggedItem.swift */ = {isa = PBXFileReference; lastKnownFileType = sourcecode.swift; path = DraggedItem.swift; sourceTree = "<group>"; };
		CC45749CCA0B22FFD810C16B /* OlaiModelContainer.swift */ = {isa = PBXFileReference; lastKnownFileType = sourcecode.swift; path = OlaiModelContainer.swift; sourceTree = "<group>"; };
		CDCA033DC1C2BFB46C60C7E4 /* OlaiCore */ = {isa = PBXFileReference; lastKnownFileType = folder; name = OlaiCore; path = OlaiCore; sourceTree = SOURCE_ROOT; };
/* End PBXFileReference section */

/* Begin PBXFrameworksBuildPhase section */
		1961E0058852053946310617 /* Frameworks */ = {
			isa = PBXFrameworksBuildPhase;
			buildActionMask = 2147483647;
			files = (
				27D230B2756FEE4915F2EA15 /* OlaiCore in Frameworks */,
			);
			runOnlyForDeploymentPostprocessing = 0;
		};
/* End PBXFrameworksBuildPhase section */

/* Begin PBXGroup section */
		288D2ACCD179B45F89D77EDB /* Products */ = {
			isa = PBXGroup;
			children = (
				1F72132FCF2501235935A088 /* Olai.app */,
			);
			name = Products;
			sourceTree = "<group>";
		};
		6157DC97D50EE48D1DB8AFD6 = {
			isa = PBXGroup;
			children = (
				B9FEE07725D6E7BA7921775F /* Olai */,
				AB7B3A11FAB4CDFB54276BC1 /* Packages */,
				288D2ACCD179B45F89D77EDB /* Products */,
			);
			sourceTree = "<group>";
		};
		620B95539A3522E6A2A34EA1 /* Resources */ = {
			isa = PBXGroup;
			children = (
				4BFF3A26C9354908CA874DA4 /* Assets.xcassets */,
				0E64777A0E619A5DF8288349 /* editor.html */,
			);
			path = Resources;
			sourceTree = "<group>";
		};
		A4FE6B0075E681C401C31248 /* Editor */ = {
			isa = PBXGroup;
			children = (
				92E723D1F71911CD23D33C62 /* EditorController.swift */,
				278B5D81625AFC5C3AA59CC5 /* EditorToolbar.swift */,
				8B19871D04521AAB0C9D5708 /* EditorWebView.swift */,
				3A73FE08BD20F369CB78582E /* OlaiSchemeHandler.swift */,
				ADC9C75EE5A57412F76783F2 /* PageEditorView.swift */,
				01CB9EBBC3BA55E366A61D76 /* PasteboardImage.swift */,
			);
			path = Editor;
			sourceTree = "<group>";
		};
		AB7B3A11FAB4CDFB54276BC1 /* Packages */ = {
			isa = PBXGroup;
			children = (
				CDCA033DC1C2BFB46C60C7E4 /* OlaiCore */,
			);
			name = Packages;
			sourceTree = "<group>";
		};
		B3DA3A0428518017E346E110 /* Sidebar */ = {
			isa = PBXGroup;
			children = (
				C2AE67FA1FA45839EE0FF71B /* DraggedItem.swift */,
				6BD4C92D8D37BDAF3AA9B022 /* NoteTree.swift */,
				B8E2A25E0D44A18FB5420ACF /* SidebarExpansion.swift */,
				8FD069D6A33E2AF7FD31AB86 /* SidebarView.swift */,
			);
			path = Sidebar;
			sourceTree = "<group>";
		};
		B9FEE07725D6E7BA7921775F /* Olai */ = {
			isa = PBXGroup;
			children = (
				CED13A25F3612F380459F5D9 /* App */,
				C2C884433F7609940572511F /* Calendar */,
				A4FE6B0075E681C401C31248 /* Editor */,
				620B95539A3522E6A2A34EA1 /* Resources */,
				B3DA3A0428518017E346E110 /* Sidebar */,
			);
			path = Olai;
			sourceTree = "<group>";
		};
		C2C884433F7609940572511F /* Calendar */ = {
			isa = PBXGroup;
			children = (
				0EB2328F1634504C6F755257 /* ScheduleTaskSheet.swift */,
				7BCA66FCBCBF59E9685F7CB8 /* TaskScheduler.swift */,
			);
			path = Calendar;
			sourceTree = "<group>";
		};
		CED13A25F3612F380459F5D9 /* App */ = {
			isa = PBXGroup;
			children = (
				4F94C1D7CE0859841ACE0F22 /* OlaiApp.swift */,
				CC45749CCA0B22FFD810C16B /* OlaiModelContainer.swift */,
				4359633DD856E081E1F34169 /* RootView.swift */,
			);
			path = App;
			sourceTree = "<group>";
		};
/* End PBXGroup section */

/* Begin PBXNativeTarget section */
		C17A226F08E011C0549ED1C5 /* Olai */ = {
			isa = PBXNativeTarget;
			buildConfigurationList = BB28C734AA88E8521F1B6C91 /* Build configuration list for PBXNativeTarget "Olai" */;
			buildPhases = (
				F395646C210F49884D9B70ED /* Sources */,
				EA9AECD373C9940DEDC29FC5 /* Resources */,
				1961E0058852053946310617 /* Frameworks */,
			);
			buildRules = (
			);
			dependencies = (
			);
			name = Olai;
			packageProductDependencies = (
				3DF7DDD6CB4ADD58C6D03734 /* OlaiCore */,
			);
			productName = Olai;
			productReference = 1F72132FCF2501235935A088 /* Olai.app */;
			productType = "com.apple.product-type.application";
		};
/* End PBXNativeTarget section */

/* Begin PBXProject section */
		725C7F1329B9D0BFD0342B98 /* Project object */ = {
			isa = PBXProject;
			attributes = {
				BuildIndependentTargetsInParallel = YES;
				LastUpgradeCheck = 1430;
				TargetAttributes = {
					C17A226F08E011C0549ED1C5 = {
						DevelopmentTeam = YQSS8GQ6Y4;
						ProvisioningStyle = Automatic;
					};
				};
			};
			buildConfigurationList = DA0D6D25FED1B21425F2EBA3 /* Build configuration list for PBXProject "Olai" */;
			developmentRegion = en;
			hasScannedForEncodings = 0;
			knownRegions = (
				Base,
				en,
			);
			mainGroup = 6157DC97D50EE48D1DB8AFD6;
			minimizedProjectReferenceProxies = 1;
			packageReferences = (
				43F6A270D23B3D779BCDD813 /* XCLocalSwiftPackageReference "OlaiCore" */,
			);
			preferredProjectObjectVersion = 77;
			productRefGroup = 288D2ACCD179B45F89D77EDB /* Products */;
			projectDirPath = "";
			projectRoot = "";
			targets = (
				C17A226F08E011C0549ED1C5 /* Olai */,
			);
		};
/* End PBXProject section */

/* Begin PBXResourcesBuildPhase section */
		EA9AECD373C9940DEDC29FC5 /* Resources */ = {
			isa = PBXResourcesBuildPhase;
			buildActionMask = 2147483647;
			files = (
				BAD537635B707C7572E9D832 /* Assets.xcassets in Resources */,
				1470552D5BEE7C4593BD7EDE /* editor.html in Resources */,
			);
			runOnlyForDeploymentPostprocessing = 0;
		};
/* End PBXResourcesBuildPhase section */

/* Begin PBXSourcesBuildPhase section */
		F395646C210F49884D9B70ED /* Sources */ = {
			isa = PBXSourcesBuildPhase;
			buildActionMask = 2147483647;
			files = (
				3649C9D2874EBC723419974C /* DraggedItem.swift in Sources */,
				FDE522E9ACBD1C0906BF3FE1 /* EditorController.swift in Sources */,
				02FBE5B39DCB4F6857E88518 /* EditorToolbar.swift in Sources */,
				407055C1FD60D25CE18C8C91 /* EditorWebView.swift in Sources */,
				5FF096350C03DC621FDE10FD /* NoteTree.swift in Sources */,
				507EA9CE2841AD5187B1AD07 /* OlaiApp.swift in Sources */,
				455F465DA9DDEB684153DE0F /* OlaiModelContainer.swift in Sources */,
				B8CB4BF0E14536659A6E2B41 /* OlaiSchemeHandler.swift in Sources */,
				7905D6513D08A17E73CE9D55 /* PageEditorView.swift in Sources */,
				FD11DE009BF226C42F3C4091 /* PasteboardImage.swift in Sources */,
				FAA409922064C7B1139A696D /* RootView.swift in Sources */,
				CA4AE14565D9CEA3146F6C02 /* ScheduleTaskSheet.swift in Sources */,
				B341FEC01DE0B591B59A3C3B /* SidebarExpansion.swift in Sources */,
				5E2C2BAF949E3D4D54D5FFAA /* SidebarView.swift in Sources */,
				CA84B25DB86C8EB1DCCF85BE /* TaskScheduler.swift in Sources */,
			);
			runOnlyForDeploymentPostprocessing = 0;
		};
/* End PBXSourcesBuildPhase section */

/* Begin XCBuildConfiguration section */
		17F1BA4E813E96B42969F900 /* Release */ = {
			isa = XCBuildConfiguration;
			buildSettings = {
				ASSETCATALOG_COMPILER_APPICON_NAME = AppIcon;
				"CODE_SIGN_ENTITLEMENTS[sdk=iphoneos*]" = "Olai/Olai-iOS.entitlements";
				"CODE_SIGN_ENTITLEMENTS[sdk=iphonesimulator*]" = "Olai/Olai-iOS.entitlements";
				"CODE_SIGN_ENTITLEMENTS[sdk=macosx*]" = "Olai/Olai-macOS.entitlements";
				CODE_SIGN_IDENTITY = "iPhone Developer";
				ENABLE_PREVIEWS = YES;
				GENERATE_INFOPLIST_FILE = NO;
				"INFOPLIST_FILE[sdk=iphoneos*]" = "Olai/Info-iOS.plist";
				"INFOPLIST_FILE[sdk=iphonesimulator*]" = "Olai/Info-iOS.plist";
				"INFOPLIST_FILE[sdk=macosx*]" = "Olai/Info-macOS.plist";
				"INFOPLIST_KEY_UIApplicationSceneManifest_Generation[sdk=iphone*]" = NO;
				LD_RUNPATH_SEARCH_PATHS = (
					"$(inherited)",
					"@executable_path/Frameworks",
				);
				PRODUCT_BUNDLE_IDENTIFIER = com.entercas.olai;
				PRODUCT_NAME = Olai;
				SDKROOT = auto;
				SUPPORTED_PLATFORMS = "iphoneos iphonesimulator macosx";
				SUPPORTS_MACCATALYST = NO;
				SUPPORTS_MAC_DESIGNED_FOR_IPHONE_IPAD = NO;
				SUPPORTS_XR_DESIGNED_FOR_IPHONE_IPAD = YES;
				SWIFT_EMIT_LOC_STRINGS = YES;
				TARGETED_DEVICE_FAMILY = "1,2";
			};
			name = Release;
		};
		734F666AAB7D58EE1D4A756E /* Debug */ = {
			isa = XCBuildConfiguration;
			buildSettings = {
				ALWAYS_SEARCH_USER_PATHS = NO;
				CLANG_ANALYZER_NONNULL = YES;
				CLANG_ANALYZER_NUMBER_OBJECT_CONVERSION = YES_AGGRESSIVE;
				CLANG_CXX_LANGUAGE_STANDARD = "gnu++14";
				CLANG_CXX_LIBRARY = "libc++";
				CLANG_ENABLE_MODULES = YES;
				CLANG_ENABLE_OBJC_ARC = YES;
				CLANG_ENABLE_OBJC_WEAK = YES;
				CLANG_WARN_BLOCK_CAPTURE_AUTORELEASING = YES;
				CLANG_WARN_BOOL_CONVERSION = YES;
				CLANG_WARN_COMMA = YES;
				CLANG_WARN_CONSTANT_CONVERSION = YES;
				CLANG_WARN_DEPRECATED_OBJC_IMPLEMENTATIONS = YES;
				CLANG_WARN_DIRECT_OBJC_ISA_USAGE = YES_ERROR;
				CLANG_WARN_DOCUMENTATION_COMMENTS = YES;
				CLANG_WARN_EMPTY_BODY = YES;
				CLANG_WARN_ENUM_CONVERSION = YES;
				CLANG_WARN_INFINITE_RECURSION = YES;
				CLANG_WARN_INT_CONVERSION = YES;
				CLANG_WARN_NON_LITERAL_NULL_CONVERSION = YES;
				CLANG_WARN_OBJC_IMPLICIT_RETAIN_SELF = YES;
				CLANG_WARN_OBJC_LITERAL_CONVERSION = YES;
				CLANG_WARN_OBJC_ROOT_CLASS = YES_ERROR;
				CLANG_WARN_QUOTED_INCLUDE_IN_FRAMEWORK_HEADER = YES;
				CLANG_WARN_RANGE_LOOP_ANALYSIS = YES;
				CLANG_WARN_STRICT_PROTOTYPES = YES;
				CLANG_WARN_SUSPICIOUS_MOVE = YES;
				CLANG_WARN_UNGUARDED_AVAILABILITY = YES_AGGRESSIVE;
				CLANG_WARN_UNREACHABLE_CODE = YES;
				CLANG_WARN__DUPLICATE_METHOD_MATCH = YES;
				CODE_SIGN_STYLE = Automatic;
				COPY_PHASE_STRIP = NO;
				CURRENT_PROJECT_VERSION = 1;
				DEBUG_INFORMATION_FORMAT = dwarf;
				DEVELOPMENT_TEAM = YQSS8GQ6Y4;
				ENABLE_STRICT_OBJC_MSGSEND = YES;
				ENABLE_TESTABILITY = YES;
				GCC_C_LANGUAGE_STANDARD = gnu11;
				GCC_DYNAMIC_NO_PIC = NO;
				GCC_NO_COMMON_BLOCKS = YES;
				GCC_OPTIMIZATION_LEVEL = 0;
				GCC_PREPROCESSOR_DEFINITIONS = (
					"$(inherited)",
					"DEBUG=1",
				);
				GCC_WARN_64_TO_32_BIT_CONVERSION = YES;
				GCC_WARN_ABOUT_RETURN_TYPE = YES_ERROR;
				GCC_WARN_UNDECLARED_SELECTOR = YES;
				GCC_WARN_UNINITIALIZED_AUTOS = YES_AGGRESSIVE;
				GCC_WARN_UNUSED_FUNCTION = YES;
				GCC_WARN_UNUSED_VARIABLE = YES;
				IPHONEOS_DEPLOYMENT_TARGET = 18.0;
				MACOSX_DEPLOYMENT_TARGET = 15.0;
				MARKETING_VERSION = 0.1.0;
				MTL_ENABLE_DEBUG_INFO = INCLUDE_SOURCE;
				MTL_FAST_MATH = YES;
				ONLY_ACTIVE_ARCH = YES;
				PRODUCT_NAME = "$(TARGET_NAME)";
				SDKROOT = auto;
				SWIFT_ACTIVE_COMPILATION_CONDITIONS = DEBUG;
				SWIFT_OPTIMIZATION_LEVEL = "-Onone";
				SWIFT_STRICT_CONCURRENCY = complete;
				SWIFT_VERSION = 6.0;
			};
			name = Debug;
		};
		A896551BB4199C802A7B805B /* Release */ = {
			isa = XCBuildConfiguration;
			buildSettings = {
				ALWAYS_SEARCH_USER_PATHS = NO;
				CLANG_ANALYZER_NONNULL = YES;
				CLANG_ANALYZER_NUMBER_OBJECT_CONVERSION = YES_AGGRESSIVE;
				CLANG_CXX_LANGUAGE_STANDARD = "gnu++14";
				CLANG_CXX_LIBRARY = "libc++";
				CLANG_ENABLE_MODULES = YES;
				CLANG_ENABLE_OBJC_ARC = YES;
				CLANG_ENABLE_OBJC_WEAK = YES;
				CLANG_WARN_BLOCK_CAPTURE_AUTORELEASING = YES;
				CLANG_WARN_BOOL_CONVERSION = YES;
				CLANG_WARN_COMMA = YES;
				CLANG_WARN_CONSTANT_CONVERSION = YES;
				CLANG_WARN_DEPRECATED_OBJC_IMPLEMENTATIONS = YES;
				CLANG_WARN_DIRECT_OBJC_ISA_USAGE = YES_ERROR;
				CLANG_WARN_DOCUMENTATION_COMMENTS = YES;
				CLANG_WARN_EMPTY_BODY = YES;
				CLANG_WARN_ENUM_CONVERSION = YES;
				CLANG_WARN_INFINITE_RECURSION = YES;
				CLANG_WARN_INT_CONVERSION = YES;
				CLANG_WARN_NON_LITERAL_NULL_CONVERSION = YES;
				CLANG_WARN_OBJC_IMPLICIT_RETAIN_SELF = YES;
				CLANG_WARN_OBJC_LITERAL_CONVERSION = YES;
				CLANG_WARN_OBJC_ROOT_CLASS = YES_ERROR;
				CLANG_WARN_QUOTED_INCLUDE_IN_FRAMEWORK_HEADER = YES;
				CLANG_WARN_RANGE_LOOP_ANALYSIS = YES;
				CLANG_WARN_STRICT_PROTOTYPES = YES;
				CLANG_WARN_SUSPICIOUS_MOVE = YES;
				CLANG_WARN_UNGUARDED_AVAILABILITY = YES_AGGRESSIVE;
				CLANG_WARN_UNREACHABLE_CODE = YES;
				CLANG_WARN__DUPLICATE_METHOD_MATCH = YES;
				CODE_SIGN_STYLE = Automatic;
				COPY_PHASE_STRIP = NO;
				CURRENT_PROJECT_VERSION = 1;
				DEBUG_INFORMATION_FORMAT = "dwarf-with-dsym";
				DEVELOPMENT_TEAM = YQSS8GQ6Y4;
				ENABLE_NS_ASSERTIONS = NO;
				ENABLE_STRICT_OBJC_MSGSEND = YES;
				GCC_C_LANGUAGE_STANDARD = gnu11;
				GCC_NO_COMMON_BLOCKS = YES;
				GCC_WARN_64_TO_32_BIT_CONVERSION = YES;
				GCC_WARN_ABOUT_RETURN_TYPE = YES_ERROR;
				GCC_WARN_UNDECLARED_SELECTOR = YES;
				GCC_WARN_UNINITIALIZED_AUTOS = YES_AGGRESSIVE;
				GCC_WARN_UNUSED_FUNCTION = YES;
				GCC_WARN_UNUSED_VARIABLE = YES;
				IPHONEOS_DEPLOYMENT_TARGET = 18.0;
				MACOSX_DEPLOYMENT_TARGET = 15.0;
				MARKETING_VERSION = 0.1.0;
				MTL_ENABLE_DEBUG_INFO = NO;
				MTL_FAST_MATH = YES;
				PRODUCT_NAME = "$(TARGET_NAME)";
				SDKROOT = auto;
				SWIFT_COMPILATION_MODE = wholemodule;
				SWIFT_OPTIMIZATION_LEVEL = "-O";
				SWIFT_STRICT_CONCURRENCY = complete;
				SWIFT_VERSION = 6.0;
			};
			name = Release;
		};
		A928E8533FC6D44572AA1083 /* Debug */ = {
			isa = XCBuildConfiguration;
			buildSettings = {
				ASSETCATALOG_COMPILER_APPICON_NAME = AppIcon;
				"CODE_SIGN_ENTITLEMENTS[sdk=iphoneos*]" = "Olai/Olai-iOS.entitlements";
				"CODE_SIGN_ENTITLEMENTS[sdk=iphonesimulator*]" = "Olai/Olai-iOS.entitlements";
				"CODE_SIGN_ENTITLEMENTS[sdk=macosx*]" = "Olai/Olai-macOS.entitlements";
				CODE_SIGN_IDENTITY = "iPhone Developer";
				ENABLE_PREVIEWS = YES;
				GENERATE_INFOPLIST_FILE = NO;
				"INFOPLIST_FILE[sdk=iphoneos*]" = "Olai/Info-iOS.plist";
				"INFOPLIST_FILE[sdk=iphonesimulator*]" = "Olai/Info-iOS.plist";
				"INFOPLIST_FILE[sdk=macosx*]" = "Olai/Info-macOS.plist";
				"INFOPLIST_KEY_UIApplicationSceneManifest_Generation[sdk=iphone*]" = NO;
				LD_RUNPATH_SEARCH_PATHS = (
					"$(inherited)",
					"@executable_path/Frameworks",
				);
				PRODUCT_BUNDLE_IDENTIFIER = com.entercas.olai;
				PRODUCT_NAME = Olai;
				SDKROOT = auto;
				SUPPORTED_PLATFORMS = "iphoneos iphonesimulator macosx";
				SUPPORTS_MACCATALYST = NO;
				SUPPORTS_MAC_DESIGNED_FOR_IPHONE_IPAD = NO;
				SUPPORTS_XR_DESIGNED_FOR_IPHONE_IPAD = YES;
				SWIFT_EMIT_LOC_STRINGS = YES;
				TARGETED_DEVICE_FAMILY = "1,2";
			};
			name = Debug;
		};
/* End XCBuildConfiguration section */

/* Begin XCConfigurationList section */
		BB28C734AA88E8521F1B6C91 /* Build configuration list for PBXNativeTarget "Olai" */ = {
			isa = XCConfigurationList;
			buildConfigurations = (
				A928E8533FC6D44572AA1083 /* Debug */,
				17F1BA4E813E96B42969F900 /* Release */,
			);
			defaultConfigurationIsVisible = 0;
			defaultConfigurationName = Debug;
		};
		DA0D6D25FED1B21425F2EBA3 /* Build configuration list for PBXProject "Olai" */ = {
			isa = XCConfigurationList;
			buildConfigurations = (
				734F666AAB7D58EE1D4A756E /* Debug */,
				A896551BB4199C802A7B805B /* Release */,
			);
			defaultConfigurationIsVisible = 0;
			defaultConfigurationName = Debug;
		};
/* End XCConfigurationList section */

/* Begin XCLocalSwiftPackageReference section */
		43F6A270D23B3D779BCDD813 /* XCLocalSwiftPackageReference "OlaiCore" */ = {
			isa = XCLocalSwiftPackageReference;
			relativePath = OlaiCore;
		};
/* End XCLocalSwiftPackageReference section */

/* Begin XCSwiftPackageProductDependency section */
		3DF7DDD6CB4ADD58C6D03734 /* OlaiCore */ = {
			isa = XCSwiftPackageProductDependency;
			productName = OlaiCore;
		};
/* End XCSwiftPackageProductDependency section */
	};
	rootObject = 725C7F1329B9D0BFD0342B98 /* Project object */;
}
